
Microsoft Visual Studio Solution File, Format Version 12.00
# Visual Studio Version 17
VisualStudioVersion = 17.0.31912.275
MinimumVisualStudioVersion = 10.0.40219.1
Project("{2150E333-8FDC-42A3-9474-1A3956D46DE8}") = "Services", "Services", "{218949CE-0F5B-4697-A156-B78009FC83B6}"
EndProject
Project("{2150E333-8FDC-42A3-9474-1A3956D46DE8}") = "Catalog", "Catalog", "{97701A94-7D7B-4211-A1BC-F2EB7693FDC0}"
EndProject
Project("{FAE04EC0-301F-11D3-BF4B-00C04F79EFBC}") = "Catalog.API", "Services\Catalog\Catalog.API\Catalog.API.csproj", "{90B8130C-69B5-4063-8FD4-21EE7B8A9C92}"
EndProject
Global
	GlobalSection(SolutionConfigurationPlatforms) = preSolution
		Debug|Any CPU = Debug|Any CPU
		Release|Any CPU = Release|Any CPU
	EndGlobalSection
	GlobalSection(ProjectConfigurationPlatforms) = postSolution
		{90B8130C-69B5-4063-8FD4-21EE7B8A9C92}.Debug|Any CPU.ActiveCfg = Debug|Any CPU
		{90B8130C-69B5-4063-8FD4-21EE7B8A9C92}.Debug|Any CPU.Build.0 = Debug|Any CPU
		{90B8130C-69B5-4063-8FD4-21EE7B8A9C92}.Release|Any CPU.ActiveCfg = Release|Any CPU
		{90B8130C-69B5-4063-8FD4-21EE7B8A9C92}.Release|Any CPU.Build.0 = Release|Any CPU
	EndGlobalSection
	GlobalSection(SolutionProperties) = preSolution
		HideSolutionNode = FALSE
	EndGlobalSection
	GlobalSection(NestedProjects) = preSolution
		{97701A94-7D7B-4211-A1BC-F2EB7693FDC0} = {218949CE-0F5B-4697-A156-B78009FC83B6}
		{90B8130C-69B5-4063-8FD4-21EE7B8A9C92} = {97701A94-7D7B-4211-A1BC-F2EB7693FDC0}
	EndGlobalSection
	GlobalSection(ExtensibilityGlobals) = postSolution
		SolutionGuid = {8E9F228D-DD09-4C87-B17A-86089A422D06}
	EndGlobalSection
EndGlobal
